# This file is automatically @generated by Cargo.
# It is not intended for manual editing.
version = 4

[[package]]
name = "theoria_cli"
version = "0.1.0"
dependencies = [
 "theoria_elaborator",
 "theoria_kernel",
 "theoria_parser",
]

[[package]]
name = "theoria_elaborator"
version = "0.1.0"
dependencies = [
 "theoria_kernel",
 "theoria_parser",
 "theoria_syntax",
 "theoria_units",
]

[[package]]
name = "theoria_kernel"
version = "0.1.0"

[[package]]
name = "theoria_parser"
version = "0.1.0"
dependencies = [
 "theoria_syntax",
]

[[package]]
name = "theoria_syntax"
version = "0.1.0"

[[package]]
name = "theoria_units"
version = "0.1.0"
dependencies = [
 "theoria_kernel",
 "theoria_syntax",
]
